<?xml version="1.0" encoding="utf-8"?>
<Project ToolsVersion="4.0" xmlns="http://schemas.microsoft.com/developer/msbuild/2003">
  <ItemGroup>
    <Filter Include="Source Files">
      <UniqueIdentifier>{4FC737F1-C7A5-4376-A066-2A32D752A2FF}</UniqueIdentifier>
      <Extensions>cpp;c;cxx;def;odl;idl;hpj;bat;asm;asmx</Extensions>
    </Filter>
    <Filter Include="Header Files">
      <UniqueIdentifier>{93995380-89BD-4b04-88EB-625FBE52EBFB}</UniqueIdentifier>
      <Extensions>h;hpp;hxx;hm;inl;inc;xsd</Extensions>
    </Filter>
    <Filter Include="Inline Files">
      <UniqueIdentifier>{23783d42-820f-4ca0-9314-c97c5e6c8947}</UniqueIdentifier>
    </Filter>
  </ItemGroup>
  <ItemGroup>
    <ClCompile Include="Source\MAAudioException.cpp">
      <Filter>Source Files</Filter>
    </ClCompile>
    <ClCompile Include="Source\MAAudio.cpp">
      <Filter>Source Files</Filter>
    </ClCompile>
    <ClCompile Include="Source\MAAudioEffects.cpp">
      <Filter>Source Files</Filter>
    </ClCompile>
    <ClCompile Include="Source\MASound1D.cpp">
      <Filter>Source Files</Filter>
    </ClCompile>
    <ClCompile Include="Source\MASound2D.cpp">
      <Filter>Source Files</Filter>
    </ClCompile>
    <ClCompile Include="Source\MASound3D.cpp">
      <Filter>Source Files</Filter>
    </ClCompile>
    <ClCompile Include="Source\MAPanable.cpp">
      <Filter>Source Files</Filter>
    </ClCompile>
    <ClCompile Include="Source\MAVector3.cpp">
      <Filter>Source Files</Filter>
    </ClCompile>
  </ItemGroup>
  <ItemGroup>
    <ClInclude Include="Source\MAAudioException.h">
      <Filter>Header Files</Filter>
    </ClInclude>
    <ClInclude Include="Source\MAAudio.h">
      <Filter>Header Files</Filter>
    </ClInclude>
    <ClInclude Include="Source\MAAudioEffects.h">
      <Filter>Header Files</Filter>
    </ClInclude>
    <ClInclude Include="Source\MAAudioFile.h">
      <Filter>Header Files</Filter>
    </ClInclude>
    <ClInclude Include="Source\MAAudioRenderer.h">
      <Filter>Header Files</Filter>
    </ClInclude>
    <ClInclude Include="Source\MAPanable.h">
      <Filter>Header Files</Filter>
    </ClInclude>
    <ClInclude Include="Source\MASound1D.h">
      <Filter>Header Files</Filter>
    </ClInclude>
    <ClInclude Include="Source\MASound2D.h">
      <Filter>Header Files</Filter>
    </ClInclude>
    <ClInclude Include="Source\MASound3D.h">
      <Filter>Header Files</Filter>
    </ClInclude>
    <ClInclude Include="Source\MAVector3.h">
      <Filter>Header Files</Filter>
    </ClInclude>
    <ClInclude Include="Source\MATuple.h">
      <Filter>Header Files</Filter>
    </ClInclude>
  </ItemGroup>
  <ItemGroup>
    <None Include="Source\MAAudio.mcr">
      <Filter>Header Files</Filter>
    </None>
    <None Include="Source\MAAudioRenderer.pkg">
      <Filter>Header Files</Filter>
    </None>
    <None Include="Source\MAAudio.inl">
      <Filter>Inline Files</Filter>
    </None>
    <None Include="Source\MAAudioEffects.inl">
      <Filter>Inline Files</Filter>
    </None>
    <None Include="Source\MAPanable.inl">
      <Filter>Inline Files</Filter>
    </None>
    <None Include="Source\MASound3D.inl">
      <Filter>Inline Files</Filter>
    </None>
    <None Include="Source\MAVector3.inl">
      <Filter>Inline Files</Filter>
    </None>
    <None Include="Source\MATuple.inl">
      <Filter>Inline Files</Filter>
    </None>
  </ItemGroup>
</Project>