
Microsoft Visual Studio Solution File, Format Version 12.00
# Visual Studio 15
VisualStudioVersion = 15.0.27130.2024
MinimumVisualStudioVersion = 10.0.40219.1
Project("{8BC9CEB8-8B4A-11D0-8D11-00A0C91BC942}") = "PositionalAudioDemo", "PositionalAudioDemo\PositionalAudioDemo.vcxproj", "{B3980643-8D36-447C-A8AA-3B690CECCE5D}"
	ProjectSection(ProjectDependencies) = postProject
		{6FAD6F4B-913D-4302-8C8D-FC9F977FEE42} = {6FAD6F4B-913D-4302-8C8D-FC9F977FEE42}
		{BD1888D8-7DBB-44BA-835D-882A5D2B7823} = {BD1888D8-7DBB-44BA-835D-882A5D2B7823}
		{C71AC5F2-7606-4C0A-A8B7-3AA585D5BA86} = {C71AC5F2-7606-4C0A-A8B7-3AA585D5BA86}
	EndProjectSection
EndProject
Project("{8BC9CEB8-8B4A-11D0-8D11-00A0C91BC942}") = "Common", "..\Common\Common.vcxproj", "{C71AC5F2-7606-4C0A-A8B7-3AA585D5BA86}"
EndProject
Project("{8BC9CEB8-8B4A-11D0-8D11-00A0C91BC942}") = "AudioRenderer", "..\AudioRenderer\AudioRenderer.vcxproj", "{BD1888D8-7DBB-44BA-835D-882A5D2B7823}"
	ProjectSection(ProjectDependencies) = postProject
		{C71AC5F2-7606-4C0A-A8B7-3AA585D5BA86} = {C71AC5F2-7606-4C0A-A8B7-3AA585D5BA86}
	EndProjectSection
EndProject
Project("{8BC9CEB8-8B4A-11D0-8D11-00A0C91BC942}") = "DxAudioRenderer", "..\DxAudioRenderer\DxAudioRenderer.vcxproj", "{6FAD6F4B-913D-4302-8C8D-FC9F977FEE42}"
	ProjectSection(ProjectDependencies) = postProject
		{BD1888D8-7DBB-44BA-835D-882A5D2B7823} = {BD1888D8-7DBB-44BA-835D-882A5D2B7823}
		{C71AC5F2-7606-4C0A-A8B7-3AA585D5BA86} = {C71AC5F2-7606-4C0A-A8B7-3AA585D5BA86}
	EndProjectSection
EndProject
Global
	GlobalSection(SolutionConfigurationPlatforms) = preSolution
		Debug|x64 = Debug|x64
		Debug|x86 = Debug|x86
		Release|x64 = Release|x64
		Release|x86 = Release|x86
	EndGlobalSection
	GlobalSection(ProjectConfigurationPlatforms) = postSolution
		{B3980643-8D36-447C-A8AA-3B690CECCE5D}.Debug|x64.ActiveCfg = Debug|x64
		{B3980643-8D36-447C-A8AA-3B690CECCE5D}.Debug|x64.Build.0 = Debug|x64
		{B3980643-8D36-447C-A8AA-3B690CECCE5D}.Debug|x86.ActiveCfg = Debug|Win32
		{B3980643-8D36-447C-A8AA-3B690CECCE5D}.Debug|x86.Build.0 = Debug|Win32
		{B3980643-8D36-447C-A8AA-3B690CECCE5D}.Release|x64.ActiveCfg = Release|x64
		{B3980643-8D36-447C-A8AA-3B690CECCE5D}.Release|x64.Build.0 = Release|x64
		{B3980643-8D36-447C-A8AA-3B690CECCE5D}.Release|x86.ActiveCfg = Release|Win32
		{B3980643-8D36-447C-A8AA-3B690CECCE5D}.Release|x86.Build.0 = Release|Win32
		{C71AC5F2-7606-4C0A-A8B7-3AA585D5BA86}.Debug|x64.ActiveCfg = Debug|Win32
		{C71AC5F2-7606-4C0A-A8B7-3AA585D5BA86}.Debug|x86.ActiveCfg = Debug|Win32
		{C71AC5F2-7606-4C0A-A8B7-3AA585D5BA86}.Debug|x86.Build.0 = Debug|Win32
		{C71AC5F2-7606-4C0A-A8B7-3AA585D5BA86}.Release|x64.ActiveCfg = Release|Win32
		{C71AC5F2-7606-4C0A-A8B7-3AA585D5BA86}.Release|x86.ActiveCfg = Release|Win32
		{C71AC5F2-7606-4C0A-A8B7-3AA585D5BA86}.Release|x86.Build.0 = Release|Win32
		{BD1888D8-7DBB-44BA-835D-882A5D2B7823}.Debug|x64.ActiveCfg = Debug|Win32
		{BD1888D8-7DBB-44BA-835D-882A5D2B7823}.Debug|x86.ActiveCfg = Debug|Win32
		{BD1888D8-7DBB-44BA-835D-882A5D2B7823}.Debug|x86.Build.0 = Debug|Win32
		{BD1888D8-7DBB-44BA-835D-882A5D2B7823}.Release|x64.ActiveCfg = Release|Win32
		{BD1888D8-7DBB-44BA-835D-882A5D2B7823}.Release|x86.ActiveCfg = Release|Win32
		{BD1888D8-7DBB-44BA-835D-882A5D2B7823}.Release|x86.Build.0 = Release|Win32
		{6FAD6F4B-913D-4302-8C8D-FC9F977FEE42}.Debug|x64.ActiveCfg = Debug|Win32
		{6FAD6F4B-913D-4302-8C8D-FC9F977FEE42}.Debug|x86.ActiveCfg = Debug|Win32
		{6FAD6F4B-913D-4302-8C8D-FC9F977FEE42}.Debug|x86.Build.0 = Debug|Win32
		{6FAD6F4B-913D-4302-8C8D-FC9F977FEE42}.Release|x64.ActiveCfg = Release|Win32
		{6FAD6F4B-913D-4302-8C8D-FC9F977FEE42}.Release|x86.ActiveCfg = Release|Win32
		{6FAD6F4B-913D-4302-8C8D-FC9F977FEE42}.Release|x86.Build.0 = Release|Win32
	EndGlobalSection
	GlobalSection(SolutionProperties) = preSolution
		HideSolutionNode = FALSE
	EndGlobalSection
	GlobalSection(ExtensibilityGlobals) = postSolution
		SolutionGuid = {9ABDB8A7-DF28-4CF5-86B1-3320053ED096}
	EndGlobalSection
EndGlobal
