<?xml version="1.0" encoding="utf-8"?>
<Project ToolsVersion="4.0" xmlns="http://schemas.microsoft.com/developer/msbuild/2003">
  <ItemGroup>
    <Filter Include="Source Files">
      <UniqueIdentifier>{ae55ea64-d1e1-4f3c-a9e3-f6dbe5ec5e35}</UniqueIdentifier>
      <Extensions>cpp;c;cxx;def;odl;idl;hpj;bat;asm</Extensions>
    </Filter>
    <Filter Include="Header Files">
      <UniqueIdentifier>{3725db43-db49-446c-bd58-c251e0e41dd5}</UniqueIdentifier>
      <Extensions>h;hpp;hxx;hm;inl;inc</Extensions>
    </Filter>
  </ItemGroup>
  <ItemGroup>
    <ClCompile Include="MafMaker.cpp">
      <Filter>Source Files</Filter>
    </ClCompile>
    <ClCompile Include="WavToMaf.cpp">
      <Filter>Source Files</Filter>
    </ClCompile>
    <ClCompile Include="WavToMafDialog.cpp">
      <Filter>Source Files</Filter>
    </ClCompile>
  </ItemGroup>
  <ItemGroup>
    <ClInclude Include="MafMaker.h">
      <Filter>Header Files</Filter>
    </ClInclude>
    <ClInclude Include="resource.h">
      <Filter>Header Files</Filter>
    </ClInclude>
    <ClInclude Include="WavToMafDialog.h">
      <Filter>Header Files</Filter>
    </ClInclude>
    <ClInclude Include="WavToMafException.h">
      <Filter>Header Files</Filter>
    </ClInclude>
  </ItemGroup>
  <ItemGroup>
    <Image Include="OpenFolderY.bmp" />
    <Image Include="WildMagic.ico" />
    <Image Include="logo.bmp" />
    <Image Include="icon.ico" />
  </ItemGroup>
  <ItemGroup>
    <ResourceCompile Include="WavToMaf.rc" />
  </ItemGroup>
</Project>