<?xml version="1.0" encoding="utf-8"?>
<Project ToolsVersion="4.0" xmlns="http://schemas.microsoft.com/developer/msbuild/2003">
  <ItemGroup>
    <Filter Include="Source Files">
      <UniqueIdentifier>{72bbc493-1cae-477f-a252-df65a365265a}</UniqueIdentifier>
      <Extensions>cpp;c;cxx;rc;def;r;odl;idl;hpj;bat</Extensions>
    </Filter>
    <Filter Include="Header Files">
      <UniqueIdentifier>{c51fa10a-8ee8-46a3-ad83-be151e106647}</UniqueIdentifier>
      <Extensions>h;hpp;hxx;hm;inl</Extensions>
    </Filter>
  </ItemGroup>
  <ItemGroup>
    <ClCompile Include="Source\MAException.cpp">
      <Filter>Source Files</Filter>
    </ClCompile>
    <ClCompile Include="Source\MAIOException.cpp">
      <Filter>Source Files</Filter>
    </ClCompile>
    <ClCompile Include="Source\MAWindow.cpp">
      <Filter>Source Files</Filter>
    </ClCompile>
    <ClCompile Include="Source\MAWindowedException.cpp">
      <Filter>Source Files</Filter>
    </ClCompile>
    <ClCompile Include="Source\MASmartPointer.cpp">
      <Filter>Source Files</Filter>
    </ClCompile>
    <ClCompile Include="Source\MASynchronization.cpp">
      <Filter>Source Files</Filter>
    </ClCompile>
  </ItemGroup>
  <ItemGroup>
    <ClInclude Include="Source\MADebug.h">
      <Filter>Header Files</Filter>
    </ClInclude>
    <ClInclude Include="Source\MAException.h">
      <Filter>Header Files</Filter>
    </ClInclude>
    <ClInclude Include="Source\MAFileException.h">
      <Filter>Header Files</Filter>
    </ClInclude>
    <ClInclude Include="Source\MAGlobalPtrCache.h">
      <Filter>Header Files</Filter>
    </ClInclude>
    <ClInclude Include="Source\MAIOException.h">
      <Filter>Header Files</Filter>
    </ClInclude>
    <ClInclude Include="Source\MACommon.h">
      <Filter>Header Files</Filter>
    </ClInclude>
    <ClInclude Include="Source\MASynchronization.h">
      <Filter>Header Files</Filter>
    </ClInclude>
    <ClInclude Include="Source\MAWindow.h">
      <Filter>Header Files</Filter>
    </ClInclude>
    <ClInclude Include="Source\MAWindowedException.h">
      <Filter>Header Files</Filter>
    </ClInclude>
    <ClInclude Include="Source\MASmartPointer.h">
      <Filter>Header Files</Filter>
    </ClInclude>
  </ItemGroup>
  <ItemGroup>
    <None Include="Source\MASmartPointer.inl">
      <Filter>Header Files</Filter>
    </None>
  </ItemGroup>
</Project>